
Microsoft Visual Studio Solution File, Format Version 12.00
Project("{FAE04EC0-301F-11D3-BF4B-00C04F79EFBC}") = "lab13", "lab13\lab13.csproj", "{6E0A11CA-583D-4AB2-B536-150DB470715A}"
EndProject
Project("{FAE04EC0-301F-11D3-BF4B-00C04F79EFBC}") = "l10", "l10\l10.csproj", "{133C1327-5F09-44DA-BBA0-92E0577DCA5E}"
EndProject
Project("{FAE04EC0-301F-11D3-BF4B-00C04F79EFBC}") = "Helpers", "Helpers\Helpers.csproj", "{7FA65D42-7FE1-45D1-88BD-1F60EFA5901C}"
EndProject
Project("{FAE04EC0-301F-11D3-BF4B-00C04F79EFBC}") = "LAB12_3", "LAB12_3\LAB12_3.csproj", "{D13B21BD-5D02-4F25-817E-15BCA649C364}"
EndProject
Project("{FAE04EC0-301F-11D3-BF4B-00C04F79EFBC}") = "LAB12_4", "LAB12_4\LAB12_4.csproj", "{3C2B8F99-E625-4E6E-B4AA-9A43030386CF}"
EndProject
Project("{FAE04EC0-301F-11D3-BF4B-00C04F79EFBC}") = "LAB13_TESTS", "LAB13_TESTS\LAB13_TESTS.csproj", "{B24DA2A2-7140-415F-9049-468FB925F979}"
EndProject
Global
	GlobalSection(SolutionConfigurationPlatforms) = preSolution
		Debug|Any CPU = Debug|Any CPU
		Release|Any CPU = Release|Any CPU
	EndGlobalSection
	GlobalSection(ProjectConfigurationPlatforms) = postSolution
		{6E0A11CA-583D-4AB2-B536-150DB470715A}.Debug|Any CPU.ActiveCfg = Debug|Any CPU
		{6E0A11CA-583D-4AB2-B536-150DB470715A}.Debug|Any CPU.Build.0 = Debug|Any CPU
		{6E0A11CA-583D-4AB2-B536-150DB470715A}.Release|Any CPU.ActiveCfg = Release|Any CPU
		{6E0A11CA-583D-4AB2-B536-150DB470715A}.Release|Any CPU.Build.0 = Release|Any CPU
		{133C1327-5F09-44DA-BBA0-92E0577DCA5E}.Debug|Any CPU.ActiveCfg = Debug|Any CPU
		{133C1327-5F09-44DA-BBA0-92E0577DCA5E}.Debug|Any CPU.Build.0 = Debug|Any CPU
		{133C1327-5F09-44DA-BBA0-92E0577DCA5E}.Release|Any CPU.ActiveCfg = Release|Any CPU
		{133C1327-5F09-44DA-BBA0-92E0577DCA5E}.Release|Any CPU.Build.0 = Release|Any CPU
		{7FA65D42-7FE1-45D1-88BD-1F60EFA5901C}.Debug|Any CPU.ActiveCfg = Debug|Any CPU
		{7FA65D42-7FE1-45D1-88BD-1F60EFA5901C}.Debug|Any CPU.Build.0 = Debug|Any CPU
		{7FA65D42-7FE1-45D1-88BD-1F60EFA5901C}.Release|Any CPU.ActiveCfg = Release|Any CPU
		{7FA65D42-7FE1-45D1-88BD-1F60EFA5901C}.Release|Any CPU.Build.0 = Release|Any CPU
		{D13B21BD-5D02-4F25-817E-15BCA649C364}.Debug|Any CPU.ActiveCfg = Debug|Any CPU
		{D13B21BD-5D02-4F25-817E-15BCA649C364}.Debug|Any CPU.Build.0 = Debug|Any CPU
		{D13B21BD-5D02-4F25-817E-15BCA649C364}.Release|Any CPU.ActiveCfg = Release|Any CPU
		{D13B21BD-5D02-4F25-817E-15BCA649C364}.Release|Any CPU.Build.0 = Release|Any CPU
		{3C2B8F99-E625-4E6E-B4AA-9A43030386CF}.Debug|Any CPU.ActiveCfg = Debug|Any CPU
		{3C2B8F99-E625-4E6E-B4AA-9A43030386CF}.Debug|Any CPU.Build.0 = Debug|Any CPU
		{3C2B8F99-E625-4E6E-B4AA-9A43030386CF}.Release|Any CPU.ActiveCfg = Release|Any CPU
		{3C2B8F99-E625-4E6E-B4AA-9A43030386CF}.Release|Any CPU.Build.0 = Release|Any CPU
		{B24DA2A2-7140-415F-9049-468FB925F979}.Debug|Any CPU.ActiveCfg = Debug|Any CPU
		{B24DA2A2-7140-415F-9049-468FB925F979}.Debug|Any CPU.Build.0 = Debug|Any CPU
		{B24DA2A2-7140-415F-9049-468FB925F979}.Release|Any CPU.ActiveCfg = Release|Any CPU
		{B24DA2A2-7140-415F-9049-468FB925F979}.Release|Any CPU.Build.0 = Release|Any CPU
	EndGlobalSection
EndGlobal
